
Microsoft Visual Studio Solution File, Format Version 12.00
# Visual Studio Version 16
VisualStudioVersion = 16.0.30717.126
MinimumVisualStudioVersion = 10.0.40219.1
Project("{FAE04EC0-301F-11D3-BF4B-00C04F79EFBC}") = "Move_Pastas", "Move_Pastas\Move_Pastas.csproj", "{E64A64EE-2C5A-40B9-80C3-BE4023585D16}"
EndProject
Global
	GlobalSection(SolutionConfigurationPlatforms) = preSolution
		Debug|Any CPU = Debug|Any CPU
		Release|Any CPU = Release|Any CPU
	EndGlobalSection
	GlobalSection(ProjectConfigurationPlatforms) = postSolution
		{E64A64EE-2C5A-40B9-80C3-BE4023585D16}.Debug|Any CPU.ActiveCfg = Debug|Any CPU
		{E64A64EE-2C5A-40B9-80C3-BE4023585D16}.Debug|Any CPU.Build.0 = Debug|Any CPU
		{E64A64EE-2C5A-40B9-80C3-BE4023585D16}.Release|Any CPU.ActiveCfg = Release|Any CPU
		{E64A64EE-2C5A-40B9-80C3-BE4023585D16}.Release|Any CPU.Build.0 = Release|Any CPU
	EndGlobalSection
	GlobalSection(SolutionProperties) = preSolution
		HideSolutionNode = FALSE
	EndGlobalSection
	GlobalSection(ExtensibilityGlobals) = postSolution
		SolutionGuid = {6572FB1E-2FF7-47DC-8488-F141FA23542C}
	EndGlobalSection
EndGlobal
